
Microsoft Visual Studio Solution File, Format Version 12.00
# Visual Studio Version 16
VisualStudioVersion = 16.0.30011.22
MinimumVisualStudioVersion = 10.0.40219.1
Project("{FAE04EC0-301F-11D3-BF4B-00C04F79EFBC}") = "SendStatus", "SendStatus\SendStatus.csproj", "{4E8033D1-A901-4143-87AD-7A58072DDEB3}"
EndProject
Global
	GlobalSection(SolutionConfigurationPlatforms) = preSolution
		Debug|Any CPU = Debug|Any CPU
		Release|Any CPU = Release|Any CPU
	EndGlobalSection
	GlobalSection(ProjectConfigurationPlatforms) = postSolution
		{4E8033D1-A901-4143-87AD-7A58072DDEB3}.Debug|Any CPU.ActiveCfg = Debug|Any CPU
		{4E8033D1-A901-4143-87AD-7A58072DDEB3}.Debug|Any CPU.Build.0 = Debug|Any CPU
		{4E8033D1-A901-4143-87AD-7A58072DDEB3}.Release|Any CPU.ActiveCfg = Release|Any CPU
		{4E8033D1-A901-4143-87AD-7A58072DDEB3}.Release|Any CPU.Build.0 = Release|Any CPU
	EndGlobalSection
	GlobalSection(SolutionProperties) = preSolution
		HideSolutionNode = FALSE
	EndGlobalSection
	GlobalSection(ExtensibilityGlobals) = postSolution
		SolutionGuid = {B08D2CB1-CDA4-453C-8898-A251859E240A}
	EndGlobalSection
EndGlobal
